// !$*UTF8*$!
{
	archiveVersion = 1;
	classes = {
	};
	objectVersion = 46;
	objects = {

/* Begin PBXBuildFile section */
		9BBCE1E51B42F8AB00401FF8 /* main.m in Sources */ = {isa = PBXBuildFile; fileRef = 9BBCE1E41B42F8AB00401FF8 /* main.m */; };
		9BBCE1EE1B42F8AB00401FF8 /* Main.storyboard in Resources */ = {isa = PBXBuildFile; fileRef = 9BBCE1EC1B42F8AB00401FF8 /* Main.storyboard */; };
		9BBCE1F01B42F8AB00401FF8 /* Images.xcassets in Resources */ = {isa = PBXBuildFile; fileRef = 9BBCE1EF1B42F8AB00401FF8 /* Images.xcassets */; };
		9BBCE1F31B42F8AB00401FF8 /* LaunchScreen.xib in Resources */ = {isa = PBXBuildFile; fileRef = 9BBCE1F11B42F8AB00401FF8 /* LaunchScreen.xib */; };
		9BBCE1FF1B42F8AB00401FF8 /* OpenGLES30DemoTests.m in Sources */ = {isa = PBXBuildFile; fileRef = 9BBCE1FE1B42F8AB00401FF8 /* OpenGLES30DemoTests.m */; };
		9BBCE2121B42F8C100401FF8 /* GLMultiTouchViewController.m in Sources */ = {isa = PBXBuildFile; fileRef = 9BBCE2091B42F8C100401FF8 /* GLMultiTouchViewController.m */; };
		9BBCE2131B42F8C100401FF8 /* ShaderSetup.m in Sources */ = {isa = PBXBuildFile; fileRef = 9BBCE20B1B42F8C100401FF8 /* ShaderSetup.m */; };
		9BBCE2141B42F8C100401FF8 /* World.m in Sources */ = {isa = PBXBuildFile; fileRef = 9BBCE20D1B42F8C100401FF8 /* World.m */; };
		9BBCE2151B42F8C100401FF8 /* Base.fsh in Resources */ = {isa = PBXBuildFile; fileRef = 9BBCE20E1B42F8C100401FF8 /* Base.fsh */; };
		9BBCE2161B42F8C100401FF8 /* Base.vsh in Resources */ = {isa = PBXBuildFile; fileRef = 9BBCE20F1B42F8C100401FF8 /* Base.vsh */; };
		9BBCE2171B42F8C100401FF8 /* AppDelegate.m in Sources */ = {isa = PBXBuildFile; fileRef = 9BBCE2111B42F8C100401FF8 /* AppDelegate.m */; };
/* End PBXBuildFile section */

/* Begin PBXContainerItemProxy section */
		9BBCE1F91B42F8AB00401FF8 /* PBXContainerItemProxy */ = {
			isa = PBXContainerItemProxy;
			containerPortal = 9BBCE1D71B42F8AB00401FF8 /* Project object */;
			proxyType = 1;
			remoteGlobalIDString = 9BBCE1DE1B42F8AB00401FF8;
			remoteInfo = OpenGLES30Demo;
		};
/* End PBXContainerItemProxy section */

/* Begin PBXFileReference section */
		9BBCE1DF1B42F8AB00401FF8 /* OpenGLES30Demo.app */ = {isa = PBXFileReference; explicitFileType = wrapper.application; includeInIndex = 0; path = OpenGLES30Demo.app; sourceTree = BUILT_PRODUCTS_DIR; };
		9BBCE1E31B42F8AB00401FF8 /* Info.plist */ = {isa = PBXFileReference; lastKnownFileType = text.plist.xml; path = Info.plist; sourceTree = "<group>"; };
		9BBCE1E41B42F8AB00401FF8 /* main.m */ = {isa = PBXFileReference; lastKnownFileType = sourcecode.c.objc; path = main.m; sourceTree = "<group>"; };
		9BBCE1ED1B42F8AB00401FF8 /* Base */ = {isa = PBXFileReference; lastKnownFileType = file.storyboard; name = Base; path = Base.lproj/Main.storyboard; sourceTree = "<group>"; };
		9BBCE1EF1B42F8AB00401FF8 /* Images.xcassets */ = {isa = PBXFileReference; lastKnownFileType = folder.assetcatalog; path = Images.xcassets; sourceTree = "<group>"; };
		9BBCE1F21B42F8AB00401FF8 /* Base */ = {isa = PBXFileReference; lastKnownFileType = file.xib; name = Base; path = Base.lproj/LaunchScreen.xib; sourceTree = "<group>"; };
		9BBCE1F81B42F8AB00401FF8 /* OpenGLES30DemoTests.xctest */ = {isa = PBXFileReference; explicitFileType = wrapper.cfbundle; includeInIndex = 0; path = OpenGLES30DemoTests.xctest; sourceTree = BUILT_PRODUCTS_DIR; };
		9BBCE1FD1B42F8AB00401FF8 /* Info.plist */ = {isa = PBXFileReference; lastKnownFileType = text.plist.xml; path = Info.plist; sourceTree = "<group>"; };
		9BBCE1FE1B42F8AB00401FF8 /* OpenGLES30DemoTests.m */ = {isa = PBXFileReference; lastKnownFileType = sourcecode.c.objc; path = OpenGLES30DemoTests.m; sourceTree = "<group>"; };
		9BBCE2081B42F8C100401FF8 /* GLMultiTouchViewController.h */ = {isa = PBXFileReference; fileEncoding = 4; lastKnownFileType = sourcecode.c.h; path = GLMultiTouchViewController.h; sourceTree = "<group>"; };
		9BBCE2091B42F8C100401FF8 /* GLMultiTouchViewController.m */ = {isa = PBXFileReference; fileEncoding = 4; lastKnownFileType = sourcecode.c.objc; path = GLMultiTouchViewController.m; sourceTree = "<group>"; };
		9BBCE20A1B42F8C100401FF8 /* ShaderSetup.h */ = {isa = PBXFileReference; fileEncoding = 4; lastKnownFileType = sourcecode.c.h; path = ShaderSetup.h; sourceTree = "<group>"; };
		9BBCE20B1B42F8C100401FF8 /* ShaderSetup.m */ = {isa = PBXFileReference; fileEncoding = 4; lastKnownFileType = sourcecode.c.objc; path = ShaderSetup.m; sourceTree = "<group>"; };
		9BBCE20C1B42F8C100401FF8 /* World.h */ = {isa = PBXFileReference; fileEncoding = 4; lastKnownFileType = sourcecode.c.h; path = World.h; sourceTree = "<group>"; };
		9BBCE20D1B42F8C100401FF8 /* World.m */ = {isa = PBXFileReference; fileEncoding = 4; lastKnownFileType = sourcecode.c.objc; path = World.m; sourceTree = "<group>"; };
		9BBCE20E1B42F8C100401FF8 /* Base.fsh */ = {isa = PBXFileReference; fileEncoding = 4; lastKnownFileType = sourcecode.glsl; path = Base.fsh; sourceTree = "<group>"; };
		9BBCE20F1B42F8C100401FF8 /* Base.vsh */ = {isa = PBXFileReference; fileEncoding = 4; lastKnownFileType = sourcecode.glsl; path = Base.vsh; sourceTree = "<group>"; };
		9BBCE2101B42F8C100401FF8 /* AppDelegate.h */ = {isa = PBXFileReference; fileEncoding = 4; lastKnownFileType = sourcecode.c.h; path = AppDelegate.h; sourceTree = "<group>"; };
		9BBCE2111B42F8C100401FF8 /* AppDelegate.m */ = {isa = PBXFileReference; fileEncoding = 4; lastKnownFileType = sourcecode.c.objc; path = AppDelegate.m; sourceTree = "<group>"; };
/* End PBXFileReference section */

/* Begin PBXFrameworksBuildPhase section */
		9BBCE1DC1B42F8AB00401FF8 /* Frameworks */ = {
			isa = PBXFrameworksBuildPhase;
			buildActionMask = 2147483647;
			files = (
			);
			runOnlyForDeploymentPostprocessing = 0;
		};
		9BBCE1F51B42F8AB00401FF8 /* Frameworks */ = {
			isa = PBXFrameworksBuildPhase;
			buildActionMask = 2147483647;
			files = (
			);
			runOnlyForDeploymentPostprocessing = 0;
		};
/* End PBXFrameworksBuildPhase section */

/* Begin PBXGroup section */
		9BBCE1D61B42F8AB00401FF8 = {
			isa = PBXGroup;
			children = (
				9BBCE1E11B42F8AB00401FF8 /* OpenGLES30Demo */,
				9BBCE1FB1B42F8AB00401FF8 /* OpenGLES30DemoTests */,
				9BBCE1E01B42F8AB00401FF8 /* Products */,
			);
			sourceTree = "<group>";
		};
		9BBCE1E01B42F8AB00401FF8 /* Products */ = {
			isa = PBXGroup;
			children = (
				9BBCE1DF1B42F8AB00401FF8 /* OpenGLES30Demo.app */,
				9BBCE1F81B42F8AB00401FF8 /* OpenGLES30DemoTests.xctest */,
			);
			name = Products;
			sourceTree = "<group>";
		};
		9BBCE1E11B42F8AB00401FF8 /* OpenGLES30Demo */ = {
			isa = PBXGroup;
			children = (
				9BBCE2081B42F8C100401FF8 /* GLMultiTouchViewController.h */,
				9BBCE2091B42F8C100401FF8 /* GLMultiTouchViewController.m */,
				9BBCE20A1B42F8C100401FF8 /* ShaderSetup.h */,
				9BBCE20B1B42F8C100401FF8 /* ShaderSetup.m */,
				9BBCE20C1B42F8C100401FF8 /* World.h */,
				9BBCE20D1B42F8C100401FF8 /* World.m */,
				9BBCE20E1B42F8C100401FF8 /* Base.fsh */,
				9BBCE20F1B42F8C100401FF8 /* Base.vsh */,
				9BBCE2101B42F8C100401FF8 /* AppDelegate.h */,
				9BBCE2111B42F8C100401FF8 /* AppDelegate.m */,
				9BBCE1EC1B42F8AB00401FF8 /* Main.storyboard */,
				9BBCE1EF1B42F8AB00401FF8 /* Images.xcassets */,
				9BBCE1F11B42F8AB00401FF8 /* LaunchScreen.xib */,
				9BBCE1E21B42F8AB00401FF8 /* Supporting Files */,
			);
			path = OpenGLES30Demo;
			sourceTree = "<group>";
		};
		9BBCE1E21B42F8AB00401FF8 /* Supporting Files */ = {
			isa = PBXGroup;
			children = (
				9BBCE1E31B42F8AB00401FF8 /* Info.plist */,
				9BBCE1E41B42F8AB00401FF8 /* main.m */,
			);
			name = "Supporting Files";
			sourceTree = "<group>";
		};
		9BBCE1FB1B42F8AB00401FF8 /* OpenGLES30DemoTests */ = {
			isa = PBXGroup;
			children = (
				9BBCE1FE1B42F8AB00401FF8 /* OpenGLES30DemoTests.m */,
				9BBCE1FC1B42F8AB00401FF8 /* Supporting Files */,
			);
			path = OpenGLES30DemoTests;
			sourceTree = "<group>";
		};
		9BBCE1FC1B42F8AB00401FF8 /* Supporting Files */ = {
			isa = PBXGroup;
			children = (
				9BBCE1FD1B42F8AB00401FF8 /* Info.plist */,
			);
			name = "Supporting Files";
			sourceTree = "<group>";
		};
/* End PBXGroup section */

/* Begin PBXNativeTarget section */
		9BBCE1DE1B42F8AB00401FF8 /* OpenGLES30Demo */ = {
			isa = PBXNativeTarget;
			buildConfigurationList = 9BBCE2021B42F8AB00401FF8 /* Build configuration list for PBXNativeTarget "OpenGLES30Demo" */;
			buildPhases = (
				9BBCE1DB1B42F8AB00401FF8 /* Sources */,
				9BBCE1DC1B42F8AB00401FF8 /* Frameworks */,
				9BBCE1DD1B42F8AB00401FF8 /* Resources */,
			);
			buildRules = (
			);
			dependencies = (
			);
			name = OpenGLES30Demo;
			productName = OpenGLES30Demo;
			productReference = 9BBCE1DF1B42F8AB00401FF8 /* OpenGLES30Demo.app */;
			productType = "com.apple.product-type.application";
		};
		9BBCE1F71B42F8AB00401FF8 /* OpenGLES30DemoTests */ = {
			isa = PBXNativeTarget;
			buildConfigurationList = 9BBCE2051B42F8AB00401FF8 /* Build configuration list for PBXNativeTarget "OpenGLES30DemoTests" */;
			buildPhases = (
				9BBCE1F41B42F8AB00401FF8 /* Sources */,
				9BBCE1F51B42F8AB00401FF8 /* Frameworks */,
				9BBCE1F61B42F8AB00401FF8 /* Resources */,
			);
			buildRules = (
			);
			dependencies = (
				9BBCE1FA1B42F8AB00401FF8 /* PBXTargetDependency */,
			);
			name = OpenGLES30DemoTests;
			productName = OpenGLES30DemoTests;
			productReference = 9BBCE1F81B42F8AB00401FF8 /* OpenGLES30DemoTests.xctest */;
			productType = "com.apple.product-type.bundle.unit-test";
		};
/* End PBXNativeTarget section */

/* Begin PBXProject section */
		9BBCE1D71B42F8AB00401FF8 /* Project object */ = {
			isa = PBXProject;
			attributes = {
				LastUpgradeCheck = 0630;
				ORGANIZATIONNAME = FSU;
				TargetAttributes = {
					9BBCE1DE1B42F8AB00401FF8 = {
						CreatedOnToolsVersion = 6.3.2;
					};
					9BBCE1F71B42F8AB00401FF8 = {
						CreatedOnToolsVersion = 6.3.2;
						TestTargetID = 9BBCE1DE1B42F8AB00401FF8;
					};
				};
			};
			buildConfigurationList = 9BBCE1DA1B42F8AB00401FF8 /* Build configuration list for PBXProject "OpenGLES30Demo" */;
			compatibilityVersion = "Xcode 3.2";
			developmentRegion = English;
			hasScannedForEncodings = 0;
			knownRegions = (
				en,
				Base,
			);
			mainGroup = 9BBCE1D61B42F8AB00401FF8;
			productRefGroup = 9BBCE1E01B42F8AB00401FF8 /* Products */;
			projectDirPath = "";
			projectRoot = "";
			targets = (
				9BBCE1DE1B42F8AB00401FF8 /* OpenGLES30Demo */,
				9BBCE1F71B42F8AB00401FF8 /* OpenGLES30DemoTests */,
			);
		};
/* End PBXProject section */

/* Begin PBXResourcesBuildPhase section */
		9BBCE1DD1B42F8AB00401FF8 /* Resources */ = {
			isa = PBXResourcesBuildPhase;
			buildActionMask = 2147483647;
			files = (
				9BBCE1EE1B42F8AB00401FF8 /* Main.storyboard in Resources */,
				9BBCE1F31B42F8AB00401FF8 /* LaunchScreen.xib in Resources */,
				9BBCE2161B42F8C100401FF8 /* Base.vsh in Resources */,
				9BBCE2151B42F8C100401FF8 /* Base.fsh in Resources */,
				9BBCE1F01B42F8AB00401FF8 /* Images.xcassets in Resources */,
			);
			runOnlyForDeploymentPostprocessing = 0;
		};
		9BBCE1F61B42F8AB00401FF8 /* Resources */ = {
			isa = PBXResourcesBuildPhase;
			buildActionMask = 2147483647;
			files = (
			);
			runOnlyForDeploymentPostprocessing = 0;
		};
/* End PBXResourcesBuildPhase section */

/* Begin PBXSourcesBuildPhase section */
		9BBCE1DB1B42F8AB00401FF8 /* Sources */ = {
			isa = PBXSourcesBuildPhase;
			buildActionMask = 2147483647;
			files = (
				9BBCE2131B42F8C100401FF8 /* ShaderSetup.m in Sources */,
				9BBCE1E51B42F8AB00401FF8 /* main.m in Sources */,
				9BBCE2141B42F8C100401FF8 /* World.m in Sources */,
				9BBCE2121B42F8C100401FF8 /* GLMultiTouchViewController.m in Sources */,
				9BBCE2171B42F8C100401FF8 /* AppDelegate.m in Sources */,
			);
			runOnlyForDeploymentPostprocessing = 0;
		};
		9BBCE1F41B42F8AB00401FF8 /* Sources */ = {
			isa = PBXSourcesBuildPhase;
			buildActionMask = 2147483647;
			files = (
				9BBCE1FF1B42F8AB00401FF8 /* OpenGLES30DemoTests.m in Sources */,
			);
			runOnlyForDeploymentPostprocessing = 0;
		};
/* End PBXSourcesBuildPhase section */

/* Begin PBXTargetDependency section */
		9BBCE1FA1B42F8AB00401FF8 /* PBXTargetDependency */ = {
			isa = PBXTargetDependency;
			target = 9BBCE1DE1B42F8AB00401FF8 /* OpenGLES30Demo */;
			targetProxy = 9BBCE1F91B42F8AB00401FF8 /* PBXContainerItemProxy */;
		};
/* End PBXTargetDependency section */

/* Begin PBXVariantGroup section */
		9BBCE1EC1B42F8AB00401FF8 /* Main.storyboard */ = {
			isa = PBXVariantGroup;
			children = (
				9BBCE1ED1B42F8AB00401FF8 /* Base */,
			);
			name = Main.storyboard;
			sourceTree = "<group>";
		};
		9BBCE1F11B42F8AB00401FF8 /* LaunchScreen.xib */ = {
			isa = PBXVariantGroup;
			children = (
				9BBCE1F21B42F8AB00401FF8 /* Base */,
			);
			name = LaunchScreen.xib;
			sourceTree = "<group>";
		};
/* End PBXVariantGroup section */

/* Begin XCBuildConfiguration section */
		9BBCE2001B42F8AB00401FF8 /* Debug */ = {
			isa = XCBuildConfiguration;
			buildSettings = {
				ALWAYS_SEARCH_USER_PATHS = NO;
				CLANG_CXX_LANGUAGE_STANDARD = "gnu++0x";
				CLANG_CXX_LIBRARY = "libc++";
				CLANG_ENABLE_MODULES = YES;
				CLANG_ENABLE_OBJC_ARC = YES;
				CLANG_WARN_BOOL_CONVERSION = YES;
				CLANG_WARN_CONSTANT_CONVERSION = YES;
				CLANG_WARN_DIRECT_OBJC_ISA_USAGE = YES_ERROR;
				CLANG_WARN_EMPTY_BODY = YES;
				CLANG_WARN_ENUM_CONVERSION = YES;
				CLANG_WARN_INT_CONVERSION = YES;
				CLANG_WARN_OBJC_ROOT_CLASS = YES_ERROR;
				CLANG_WARN_UNREACHABLE_CODE = YES;
				CLANG_WARN__DUPLICATE_METHOD_MATCH = YES;
				"CODE_SIGN_IDENTITY[sdk=iphoneos*]" = "iPhone Developer";
				COPY_PHASE_STRIP = NO;
				DEBUG_INFORMATION_FORMAT = "dwarf-with-dsym";
				ENABLE_STRICT_OBJC_MSGSEND = YES;
				GCC_C_LANGUAGE_STANDARD = gnu99;
				GCC_DYNAMIC_NO_PIC = NO;
				GCC_NO_COMMON_BLOCKS = YES;
				GCC_OPTIMIZATION_LEVEL = 0;
				GCC_PREPROCESSOR_DEFINITIONS = (
					"DEBUG=1",
					"$(inherited)",
				);
				GCC_SYMBOLS_PRIVATE_EXTERN = NO;
				GCC_WARN_64_TO_32_BIT_CONVERSION = YES;
				GCC_WARN_ABOUT_RETURN_TYPE = YES_ERROR;
				GCC_WARN_UNDECLARED_SELECTOR = YES;
				GCC_WARN_UNINITIALIZED_AUTOS = YES_AGGRESSIVE;
				GCC_WARN_UNUSED_FUNCTION = YES;
				GCC_WARN_UNUSED_VARIABLE = YES;
				IPHONEOS_DEPLOYMENT_TARGET = 8.3;
				MTL_ENABLE_DEBUG_INFO = YES;
				ONLY_ACTIVE_ARCH = YES;
				SDKROOT = iphoneos;
				TARGETED_DEVICE_FAMILY = "1,2";
			};
			name = Debug;
		};
		9BBCE2011B42F8AB00401FF8 /* Release */ = {
			isa = XCBuildConfiguration;
			buildSettings = {
				ALWAYS_SEARCH_USER_PATHS = NO;
				CLANG_CXX_LANGUAGE_STANDARD = "gnu++0x";
				CLANG_CXX_LIBRARY = "libc++";
				CLANG_ENABLE_MODULES = YES;
				CLANG_ENABLE_OBJC_ARC = YES;
				CLANG_WARN_BOOL_CONVERSION = YES;
				CLANG_WARN_CONSTANT_CONVERSION = YES;
				CLANG_WARN_DIRECT_OBJC_ISA_USAGE = YES_ERROR;
				CLANG_WARN_EMPTY_BODY = YES;
				CLANG_WARN_ENUM_CONVERSION = YES;
				CLANG_WARN_INT_CONVERSION = YES;
				CLANG_WARN_OBJC_ROOT_CLASS = YES_ERROR;
				CLANG_WARN_UNREACHABLE_CODE = YES;
				CLANG_WARN__DUPLICATE_METHOD_MATCH = YES;
				"CODE_SIGN_IDENTITY[sdk=iphoneos*]" = "iPhone Developer";
				COPY_PHASE_STRIP = NO;
				DEBUG_INFORMATION_FORMAT = "dwarf-with-dsym";
				ENABLE_NS_ASSERTIONS = NO;
				ENABLE_STRICT_OBJC_MSGSEND = YES;
				GCC_C_LANGUAGE_STANDARD = gnu99;
				GCC_NO_COMMON_BLOCKS = YES;
				GCC_WARN_64_TO_32_BIT_CONVERSION = YES;
				GCC_WARN_ABOUT_RETURN_TYPE = YES_ERROR;
				GCC_WARN_UNDECLARED_SELECTOR = YES;
				GCC_WARN_UNINITIALIZED_AUTOS = YES_AGGRESSIVE;
				GCC_WARN_UNUSED_FUNCTION = YES;
				GCC_WARN_UNUSED_VARIABLE = YES;
				IPHONEOS_DEPLOYMENT_TARGET = 8.3;
				MTL_ENABLE_DEBUG_INFO = NO;
				SDKROOT = iphoneos;
				TARGETED_DEVICE_FAMILY = "1,2";
				VALIDATE_PRODUCT = YES;
			};
			name = Release;
		};
		9BBCE2031B42F8AB00401FF8 /* Debug */ = {
			isa = XCBuildConfiguration;
			buildSettings = {
				ASSETCATALOG_COMPILER_APPICON_NAME = AppIcon;
				INFOPLIST_FILE = OpenGLES30Demo/Info.plist;
				IPHONEOS_DEPLOYMENT_TARGET = 6.0;
				LD_RUNPATH_SEARCH_PATHS = "$(inherited) @executable_path/Frameworks";
				PRODUCT_NAME = "$(TARGET_NAME)";
			};
			name = Debug;
		};
		9BBCE2041B42F8AB00401FF8 /* Release */ = {
			isa = XCBuildConfiguration;
			buildSettings = {
				ASSETCATALOG_COMPILER_APPICON_NAME = AppIcon;
				INFOPLIST_FILE = OpenGLES30Demo/Info.plist;
				IPHONEOS_DEPLOYMENT_TARGET = 6.0;
				LD_RUNPATH_SEARCH_PATHS = "$(inherited) @executable_path/Frameworks";
				PRODUCT_NAME = "$(TARGET_NAME)";
			};
			name = Release;
		};
		9BBCE2061B42F8AB00401FF8 /* Debug */ = {
			isa = XCBuildConfiguration;
			buildSettings = {
				BUNDLE_LOADER = "$(TEST_HOST)";
				FRAMEWORK_SEARCH_PATHS = (
					"$(SDKROOT)/Developer/Library/Frameworks",
					"$(inherited)",
				);
				GCC_PREPROCESSOR_DEFINITIONS = (
					"DEBUG=1",
					"$(inherited)",
				);
				INFOPLIST_FILE = OpenGLES30DemoTests/Info.plist;
				LD_RUNPATH_SEARCH_PATHS = "$(inherited) @executable_path/Frameworks @loader_path/Frameworks";
				PRODUCT_NAME = "$(TARGET_NAME)";
				TEST_HOST = "$(BUILT_PRODUCTS_DIR)/OpenGLES30Demo.app/OpenGLES30Demo";
			};
			name = Debug;
		};
		9BBCE2071B42F8AB00401FF8 /* Release */ = {
			isa = XCBuildConfiguration;
			buildSettings = {
				BUNDLE_LOADER = "$(TEST_HOST)";
				FRAMEWORK_SEARCH_PATHS = (
					"$(SDKROOT)/Developer/Library/Frameworks",
					"$(inherited)",
				);
				INFOPLIST_FILE = OpenGLES30DemoTests/Info.plist;
				LD_RUNPATH_SEARCH_PATHS = "$(inherited) @executable_path/Frameworks @loader_path/Frameworks";
				PRODUCT_NAME = "$(TARGET_NAME)";
				TEST_HOST = "$(BUILT_PRODUCTS_DIR)/OpenGLES30Demo.app/OpenGLES30Demo";
			};
			name = Release;
		};
/* End XCBuildConfiguration section */

/* Begin XCConfigurationList section */
		9BBCE1DA1B42F8AB00401FF8 /* Build configuration list for PBXProject "OpenGLES30Demo" */ = {
			isa = XCConfigurationList;
			buildConfigurations = (
				9BBCE2001B42F8AB00401FF8 /* Debug */,
				9BBCE2011B42F8AB00401FF8 /* Release */,
			);
			defaultConfigurationIsVisible = 0;
			defaultConfigurationName = Release;
		};
		9BBCE2021B42F8AB00401FF8 /* Build configuration list for PBXNativeTarget "OpenGLES30Demo" */ = {
			isa = XCConfigurationList;
			buildConfigurations = (
				9BBCE2031B42F8AB00401FF8 /* Debug */,
				9BBCE2041B42F8AB00401FF8 /* Release */,
			);
			defaultConfigurationIsVisible = 0;
		};
		9BBCE2051B42F8AB00401FF8 /* Build configuration list for PBXNativeTarget "OpenGLES30DemoTests" */ = {
			isa = XCConfigurationList;
			buildConfigurations = (
				9BBCE2061B42F8AB00401FF8 /* Debug */,
				9BBCE2071B42F8AB00401FF8 /* Release */,
			);
			defaultConfigurationIsVisible = 0;
		};
/* End XCConfigurationList section */
	};
	rootObject = 9BBCE1D71B42F8AB00401FF8 /* Project object */;
}
